
Microsoft Visual Studio Solution File, Format Version 12.00
# Visual Studio Version 17
VisualStudioVersion = 17.11.35222.181
MinimumVisualStudioVersion = 10.0.40219.1
Project("{9A19103F-16F7-4668-BE54-9A1E7A4F7556}") = "BlogMvcApp", "BlogMvcProject\BlogMvcApp.csproj", "{F8BAC76E-405D-4263-801B-D83A726E0032}"
EndProject
Global
	GlobalSection(SolutionConfigurationPlatforms) = preSolution
		Debug|Any CPU = Debug|Any CPU
		Release|Any CPU = Release|Any CPU
	EndGlobalSection
	GlobalSection(ProjectConfigurationPlatforms) = postSolution
		{F8BAC76E-405D-4263-801B-D83A726E0032}.Debug|Any CPU.ActiveCfg = Debug|Any CPU
		{F8BAC76E-405D-4263-801B-D83A726E0032}.Debug|Any CPU.Build.0 = Debug|Any CPU
		{F8BAC76E-405D-4263-801B-D83A726E0032}.Release|Any CPU.ActiveCfg = Release|Any CPU
		{F8BAC76E-405D-4263-801B-D83A726E0032}.Release|Any CPU.Build.0 = Release|Any CPU
	EndGlobalSection
	GlobalSection(SolutionProperties) = preSolution
		HideSolutionNode = FALSE
	EndGlobalSection
	GlobalSection(ExtensibilityGlobals) = postSolution
		SolutionGuid = {2F4DB24E-F21E-4304-B5FB-4F15E8D34F4C}
	EndGlobalSection
EndGlobal
